// !$*UTF8*$!
{
	archiveVersion = 1;
	classes = {
	};
	objectVersion = 46;
	objects = {

/* Begin PBXBuildFile section */
		5A343DA61EC95BE3008B35A8 /* RightView.m in Sources */ = {isa = PBXBuildFile; fileRef = 5A343DA51EC95BE3008B35A8 /* RightView.m */; };
		5A4A0AE31EC2B84500C4F9B3 /* main.m in Sources */ = {isa = PBXBuildFile; fileRef = 5A4A0AE21EC2B84500C4F9B3 /* main.m */; };
		5A4A0AE61EC2B84500C4F9B3 /* AppDelegate.m in Sources */ = {isa = PBXBuildFile; fileRef = 5A4A0AE51EC2B84500C4F9B3 /* AppDelegate.m */; };
		5A4A0AEC1EC2B84500C4F9B3 /* Main.storyboard in Resources */ = {isa = PBXBuildFile; fileRef = 5A4A0AEA1EC2B84500C4F9B3 /* Main.storyboard */; };
		5A4A0AEE1EC2B84500C4F9B3 /* Assets.xcassets in Resources */ = {isa = PBXBuildFile; fileRef = 5A4A0AED1EC2B84500C4F9B3 /* Assets.xcassets */; };
		5A4A0AF11EC2B84500C4F9B3 /* LaunchScreen.storyboard in Resources */ = {isa = PBXBuildFile; fileRef = 5A4A0AEF1EC2B84500C4F9B3 /* LaunchScreen.storyboard */; };
		5A4A0AFC1EC2B84500C4F9B3 /* DrawerControllerTests.m in Sources */ = {isa = PBXBuildFile; fileRef = 5A4A0AFB1EC2B84500C4F9B3 /* DrawerControllerTests.m */; };
		5A4A0B071EC2B84500C4F9B3 /* DrawerControllerUITests.m in Sources */ = {isa = PBXBuildFile; fileRef = 5A4A0B061EC2B84500C4F9B3 /* DrawerControllerUITests.m */; };
		5A4A0B161EC2B8B600C4F9B3 /* MainView.m in Sources */ = {isa = PBXBuildFile; fileRef = 5A4A0B151EC2B8B600C4F9B3 /* MainView.m */; };
		5A4A0B1C1EC2C43B00C4F9B3 /* CenterView.m in Sources */ = {isa = PBXBuildFile; fileRef = 5A4A0B1B1EC2C43B00C4F9B3 /* CenterView.m */; };
		5A604F771EC58DB500A49D98 /* LeftView.m in Sources */ = {isa = PBXBuildFile; fileRef = 5A604F761EC58DB500A49D98 /* LeftView.m */; };
/* End PBXBuildFile section */

/* Begin PBXContainerItemProxy section */
		5A4A0AF81EC2B84500C4F9B3 /* PBXContainerItemProxy */ = {
			isa = PBXContainerItemProxy;
			containerPortal = 5A4A0AD61EC2B84500C4F9B3 /* Project object */;
			proxyType = 1;
			remoteGlobalIDString = 5A4A0ADD1EC2B84500C4F9B3;
			remoteInfo = DrawerController;
		};
		5A4A0B031EC2B84500C4F9B3 /* PBXContainerItemProxy */ = {
			isa = PBXContainerItemProxy;
			containerPortal = 5A4A0AD61EC2B84500C4F9B3 /* Project object */;
			proxyType = 1;
			remoteGlobalIDString = 5A4A0ADD1EC2B84500C4F9B3;
			remoteInfo = DrawerController;
		};
/* End PBXContainerItemProxy section */

/* Begin PBXFileReference section */
		5A343DA41EC95BE3008B35A8 /* RightView.h */ = {isa = PBXFileReference; fileEncoding = 4; lastKnownFileType = sourcecode.c.h; path = RightView.h; sourceTree = "<group>"; };
		5A343DA51EC95BE3008B35A8 /* RightView.m */ = {isa = PBXFileReference; fileEncoding = 4; lastKnownFileType = sourcecode.c.objc; path = RightView.m; sourceTree = "<group>"; };
		5A4A0ADE1EC2B84500C4F9B3 /* DrawerController.app */ = {isa = PBXFileReference; explicitFileType = wrapper.application; includeInIndex = 0; path = DrawerController.app; sourceTree = BUILT_PRODUCTS_DIR; };
		5A4A0AE21EC2B84500C4F9B3 /* main.m */ = {isa = PBXFileReference; lastKnownFileType = sourcecode.c.objc; path = main.m; sourceTree = "<group>"; };
		5A4A0AE41EC2B84500C4F9B3 /* AppDelegate.h */ = {isa = PBXFileReference; lastKnownFileType = sourcecode.c.h; path = AppDelegate.h; sourceTree = "<group>"; };
		5A4A0AE51EC2B84500C4F9B3 /* AppDelegate.m */ = {isa = PBXFileReference; lastKnownFileType = sourcecode.c.objc; path = AppDelegate.m; sourceTree = "<group>"; };
		5A4A0AEB1EC2B84500C4F9B3 /* Base */ = {isa = PBXFileReference; lastKnownFileType = file.storyboard; name = Base; path = Base.lproj/Main.storyboard; sourceTree = "<group>"; };
		5A4A0AED1EC2B84500C4F9B3 /* Assets.xcassets */ = {isa = PBXFileReference; lastKnownFileType = folder.assetcatalog; path = Assets.xcassets; sourceTree = "<group>"; };
		5A4A0AF01EC2B84500C4F9B3 /* Base */ = {isa = PBXFileReference; lastKnownFileType = file.storyboard; name = Base; path = Base.lproj/LaunchScreen.storyboard; sourceTree = "<group>"; };
		5A4A0AF21EC2B84500C4F9B3 /* Info.plist */ = {isa = PBXFileReference; lastKnownFileType = text.plist.xml; path = Info.plist; sourceTree = "<group>"; };
		5A4A0AF71EC2B84500C4F9B3 /* DrawerControllerTests.xctest */ = {isa = PBXFileReference; explicitFileType = wrapper.cfbundle; includeInIndex = 0; path = DrawerControllerTests.xctest; sourceTree = BUILT_PRODUCTS_DIR; };
		5A4A0AFB1EC2B84500C4F9B3 /* DrawerControllerTests.m */ = {isa = PBXFileReference; lastKnownFileType = sourcecode.c.objc; path = DrawerControllerTests.m; sourceTree = "<group>"; };
		5A4A0AFD1EC2B84500C4F9B3 /* Info.plist */ = {isa = PBXFileReference; lastKnownFileType = text.plist.xml; path = Info.plist; sourceTree = "<group>"; };
		5A4A0B021EC2B84500C4F9B3 /* DrawerControllerUITests.xctest */ = {isa = PBXFileReference; explicitFileType = wrapper.cfbundle; includeInIndex = 0; path = DrawerControllerUITests.xctest; sourceTree = BUILT_PRODUCTS_DIR; };
		5A4A0B061EC2B84500C4F9B3 /* DrawerControllerUITests.m */ = {isa = PBXFileReference; lastKnownFileType = sourcecode.c.objc; path = DrawerControllerUITests.m; sourceTree = "<group>"; };
		5A4A0B081EC2B84500C4F9B3 /* Info.plist */ = {isa = PBXFileReference; lastKnownFileType = text.plist.xml; path = Info.plist; sourceTree = "<group>"; };
		5A4A0B141EC2B8B600C4F9B3 /* MainView.h */ = {isa = PBXFileReference; fileEncoding = 4; lastKnownFileType = sourcecode.c.h; path = MainView.h; sourceTree = "<group>"; };
		5A4A0B151EC2B8B600C4F9B3 /* MainView.m */ = {isa = PBXFileReference; fileEncoding = 4; lastKnownFileType = sourcecode.c.objc; path = MainView.m; sourceTree = "<group>"; };
		5A4A0B1A1EC2C43B00C4F9B3 /* CenterView.h */ = {isa = PBXFileReference; fileEncoding = 4; lastKnownFileType = sourcecode.c.h; path = CenterView.h; sourceTree = "<group>"; };
		5A4A0B1B1EC2C43B00C4F9B3 /* CenterView.m */ = {isa = PBXFileReference; fileEncoding = 4; lastKnownFileType = sourcecode.c.objc; path = CenterView.m; sourceTree = "<group>"; };
		5A604F751EC58DB500A49D98 /* LeftView.h */ = {isa = PBXFileReference; fileEncoding = 4; lastKnownFileType = sourcecode.c.h; path = LeftView.h; sourceTree = "<group>"; };
		5A604F761EC58DB500A49D98 /* LeftView.m */ = {isa = PBXFileReference; fileEncoding = 4; lastKnownFileType = sourcecode.c.objc; path = LeftView.m; sourceTree = "<group>"; };
/* End PBXFileReference section */

/* Begin PBXFrameworksBuildPhase section */
		5A4A0ADB1EC2B84500C4F9B3 /* Frameworks */ = {
			isa = PBXFrameworksBuildPhase;
			buildActionMask = 2147483647;
			files = (
			);
			runOnlyForDeploymentPostprocessing = 0;
		};
		5A4A0AF41EC2B84500C4F9B3 /* Frameworks */ = {
			isa = PBXFrameworksBuildPhase;
			buildActionMask = 2147483647;
			files = (
			);
			runOnlyForDeploymentPostprocessing = 0;
		};
		5A4A0AFF1EC2B84500C4F9B3 /* Frameworks */ = {
			isa = PBXFrameworksBuildPhase;
			buildActionMask = 2147483647;
			files = (
			);
			runOnlyForDeploymentPostprocessing = 0;
		};
/* End PBXFrameworksBuildPhase section */

/* Begin PBXGroup section */
		5A4A0AD51EC2B84500C4F9B3 = {
			isa = PBXGroup;
			children = (
				5A4A0AE01EC2B84500C4F9B3 /* DrawerController */,
				5A4A0AFA1EC2B84500C4F9B3 /* DrawerControllerTests */,
				5A4A0B051EC2B84500C4F9B3 /* DrawerControllerUITests */,
				5A4A0ADF1EC2B84500C4F9B3 /* Products */,
			);
			sourceTree = "<group>";
		};
		5A4A0ADF1EC2B84500C4F9B3 /* Products */ = {
			isa = PBXGroup;
			children = (
				5A4A0ADE1EC2B84500C4F9B3 /* DrawerController.app */,
				5A4A0AF71EC2B84500C4F9B3 /* DrawerControllerTests.xctest */,
				5A4A0B021EC2B84500C4F9B3 /* DrawerControllerUITests.xctest */,
			);
			name = Products;
			sourceTree = "<group>";
		};
		5A4A0AE01EC2B84500C4F9B3 /* DrawerController */ = {
			isa = PBXGroup;
			children = (
				5A4A0AE41EC2B84500C4F9B3 /* AppDelegate.h */,
				5A4A0AE51EC2B84500C4F9B3 /* AppDelegate.m */,
				5A4A0B141EC2B8B600C4F9B3 /* MainView.h */,
				5A4A0B151EC2B8B600C4F9B3 /* MainView.m */,
				5A4A0B1A1EC2C43B00C4F9B3 /* CenterView.h */,
				5A4A0B1B1EC2C43B00C4F9B3 /* CenterView.m */,
				5A604F751EC58DB500A49D98 /* LeftView.h */,
				5A604F761EC58DB500A49D98 /* LeftView.m */,
				5A343DA41EC95BE3008B35A8 /* RightView.h */,
				5A343DA51EC95BE3008B35A8 /* RightView.m */,
				5A4A0AEA1EC2B84500C4F9B3 /* Main.storyboard */,
				5A4A0AED1EC2B84500C4F9B3 /* Assets.xcassets */,
				5A4A0AEF1EC2B84500C4F9B3 /* LaunchScreen.storyboard */,
				5A4A0AF21EC2B84500C4F9B3 /* Info.plist */,
				5A4A0AE11EC2B84500C4F9B3 /* Supporting Files */,
			);
			path = DrawerController;
			sourceTree = "<group>";
		};
		5A4A0AE11EC2B84500C4F9B3 /* Supporting Files */ = {
			isa = PBXGroup;
			children = (
				5A4A0AE21EC2B84500C4F9B3 /* main.m */,
			);
			name = "Supporting Files";
			sourceTree = "<group>";
		};
		5A4A0AFA1EC2B84500C4F9B3 /* DrawerControllerTests */ = {
			isa = PBXGroup;
			children = (
				5A4A0AFB1EC2B84500C4F9B3 /* DrawerControllerTests.m */,
				5A4A0AFD1EC2B84500C4F9B3 /* Info.plist */,
			);
			path = DrawerControllerTests;
			sourceTree = "<group>";
		};
		5A4A0B051EC2B84500C4F9B3 /* DrawerControllerUITests */ = {
			isa = PBXGroup;
			children = (
				5A4A0B061EC2B84500C4F9B3 /* DrawerControllerUITests.m */,
				5A4A0B081EC2B84500C4F9B3 /* Info.plist */,
			);
			path = DrawerControllerUITests;
			sourceTree = "<group>";
		};
/* End PBXGroup section */

/* Begin PBXNativeTarget section */
		5A4A0ADD1EC2B84500C4F9B3 /* DrawerController */ = {
			isa = PBXNativeTarget;
			buildConfigurationList = 5A4A0B0B1EC2B84500C4F9B3 /* Build configuration list for PBXNativeTarget "DrawerController" */;
			buildPhases = (
				5A4A0ADA1EC2B84500C4F9B3 /* Sources */,
				5A4A0ADB1EC2B84500C4F9B3 /* Frameworks */,
				5A4A0ADC1EC2B84500C4F9B3 /* Resources */,
			);
			buildRules = (
			);
			dependencies = (
			);
			name = DrawerController;
			productName = DrawerController;
			productReference = 5A4A0ADE1EC2B84500C4F9B3 /* DrawerController.app */;
			productType = "com.apple.product-type.application";
		};
		5A4A0AF61EC2B84500C4F9B3 /* DrawerControllerTests */ = {
			isa = PBXNativeTarget;
			buildConfigurationList = 5A4A0B0E1EC2B84500C4F9B3 /* Build configuration list for PBXNativeTarget "DrawerControllerTests" */;
			buildPhases = (
				5A4A0AF31EC2B84500C4F9B3 /* Sources */,
				5A4A0AF41EC2B84500C4F9B3 /* Frameworks */,
				5A4A0AF51EC2B84500C4F9B3 /* Resources */,
			);
			buildRules = (
			);
			dependencies = (
				5A4A0AF91EC2B84500C4F9B3 /* PBXTargetDependency */,
			);
			name = DrawerControllerTests;
			productName = DrawerControllerTests;
			productReference = 5A4A0AF71EC2B84500C4F9B3 /* DrawerControllerTests.xctest */;
			productType = "com.apple.product-type.bundle.unit-test";
		};
		5A4A0B011EC2B84500C4F9B3 /* DrawerControllerUITests */ = {
			isa = PBXNativeTarget;
			buildConfigurationList = 5A4A0B111EC2B84500C4F9B3 /* Build configuration list for PBXNativeTarget "DrawerControllerUITests" */;
			buildPhases = (
				5A4A0AFE1EC2B84500C4F9B3 /* Sources */,
				5A4A0AFF1EC2B84500C4F9B3 /* Frameworks */,
				5A4A0B001EC2B84500C4F9B3 /* Resources */,
			);
			buildRules = (
			);
			dependencies = (
				5A4A0B041EC2B84500C4F9B3 /* PBXTargetDependency */,
			);
			name = DrawerControllerUITests;
			productName = DrawerControllerUITests;
			productReference = 5A4A0B021EC2B84500C4F9B3 /* DrawerControllerUITests.xctest */;
			productType = "com.apple.product-type.bundle.ui-testing";
		};
/* End PBXNativeTarget section */

/* Begin PBXProject section */
		5A4A0AD61EC2B84500C4F9B3 /* Project object */ = {
			isa = PBXProject;
			attributes = {
				LastUpgradeCheck = 0810;
				ORGANIZATIONNAME = wurui;
				TargetAttributes = {
					5A4A0ADD1EC2B84500C4F9B3 = {
						CreatedOnToolsVersion = 8.1;
						DevelopmentTeam = XSL78285HV;
						ProvisioningStyle = Automatic;
					};
					5A4A0AF61EC2B84500C4F9B3 = {
						CreatedOnToolsVersion = 8.1;
						DevelopmentTeam = XSL78285HV;
						ProvisioningStyle = Automatic;
						TestTargetID = 5A4A0ADD1EC2B84500C4F9B3;
					};
					5A4A0B011EC2B84500C4F9B3 = {
						CreatedOnToolsVersion = 8.1;
						DevelopmentTeam = XSL78285HV;
						ProvisioningStyle = Automatic;
						TestTargetID = 5A4A0ADD1EC2B84500C4F9B3;
					};
				};
			};
			buildConfigurationList = 5A4A0AD91EC2B84500C4F9B3 /* Build configuration list for PBXProject "DrawerController" */;
			compatibilityVersion = "Xcode 3.2";
			developmentRegion = English;
			hasScannedForEncodings = 0;
			knownRegions = (
				en,
				Base,
			);
			mainGroup = 5A4A0AD51EC2B84500C4F9B3;
			productRefGroup = 5A4A0ADF1EC2B84500C4F9B3 /* Products */;
			projectDirPath = "";
			projectRoot = "";
			targets = (
				5A4A0ADD1EC2B84500C4F9B3 /* DrawerController */,
				5A4A0AF61EC2B84500C4F9B3 /* DrawerControllerTests */,
				5A4A0B011EC2B84500C4F9B3 /* DrawerControllerUITests */,
			);
		};
/* End PBXProject section */

/* Begin PBXResourcesBuildPhase section */
		5A4A0ADC1EC2B84500C4F9B3 /* Resources */ = {
			isa = PBXResourcesBuildPhase;
			buildActionMask = 2147483647;
			files = (
				5A4A0AF11EC2B84500C4F9B3 /* LaunchScreen.storyboard in Resources */,
				5A4A0AEE1EC2B84500C4F9B3 /* Assets.xcassets in Resources */,
				5A4A0AEC1EC2B84500C4F9B3 /* Main.storyboard in Resources */,
			);
			runOnlyForDeploymentPostprocessing = 0;
		};
		5A4A0AF51EC2B84500C4F9B3 /* Resources */ = {
			isa = PBXResourcesBuildPhase;
			buildActionMask = 2147483647;
			files = (
			);
			runOnlyForDeploymentPostprocessing = 0;
		};
		5A4A0B001EC2B84500C4F9B3 /* Resources */ = {
			isa = PBXResourcesBuildPhase;
			buildActionMask = 2147483647;
			files = (
			);
			runOnlyForDeploymentPostprocessing = 0;
		};
/* End PBXResourcesBuildPhase section */

/* Begin PBXSourcesBuildPhase section */
		5A4A0ADA1EC2B84500C4F9B3 /* Sources */ = {
			isa = PBXSourcesBuildPhase;
			buildActionMask = 2147483647;
			files = (
				5A604F771EC58DB500A49D98 /* LeftView.m in Sources */,
				5A4A0AE61EC2B84500C4F9B3 /* AppDelegate.m in Sources */,
				5A4A0B1C1EC2C43B00C4F9B3 /* CenterView.m in Sources */,
				5A343DA61EC95BE3008B35A8 /* RightView.m in Sources */,
				5A4A0AE31EC2B84500C4F9B3 /* main.m in Sources */,
				5A4A0B161EC2B8B600C4F9B3 /* MainView.m in Sources */,
			);
			runOnlyForDeploymentPostprocessing = 0;
		};
		5A4A0AF31EC2B84500C4F9B3 /* Sources */ = {
			isa = PBXSourcesBuildPhase;
			buildActionMask = 2147483647;
			files = (
				5A4A0AFC1EC2B84500C4F9B3 /* DrawerControllerTests.m in Sources */,
			);
			runOnlyForDeploymentPostprocessing = 0;
		};
		5A4A0AFE1EC2B84500C4F9B3 /* Sources */ = {
			isa = PBXSourcesBuildPhase;
			buildActionMask = 2147483647;
			files = (
				5A4A0B071EC2B84500C4F9B3 /* DrawerControllerUITests.m in Sources */,
			);
			runOnlyForDeploymentPostprocessing = 0;
		};
/* End PBXSourcesBuildPhase section */

/* Begin PBXTargetDependency section */
		5A4A0AF91EC2B84500C4F9B3 /* PBXTargetDependency */ = {
			isa = PBXTargetDependency;
			target = 5A4A0ADD1EC2B84500C4F9B3 /* DrawerController */;
			targetProxy = 5A4A0AF81EC2B84500C4F9B3 /* PBXContainerItemProxy */;
		};
		5A4A0B041EC2B84500C4F9B3 /* PBXTargetDependency */ = {
			isa = PBXTargetDependency;
			target = 5A4A0ADD1EC2B84500C4F9B3 /* DrawerController */;
			targetProxy = 5A4A0B031EC2B84500C4F9B3 /* PBXContainerItemProxy */;
		};
/* End PBXTargetDependency section */

/* Begin PBXVariantGroup section */
		5A4A0AEA1EC2B84500C4F9B3 /* Main.storyboard */ = {
			isa = PBXVariantGroup;
			children = (
				5A4A0AEB1EC2B84500C4F9B3 /* Base */,
			);
			name = Main.storyboard;
			sourceTree = "<group>";
		};
		5A4A0AEF1EC2B84500C4F9B3 /* LaunchScreen.storyboard */ = {
			isa = PBXVariantGroup;
			children = (
				5A4A0AF01EC2B84500C4F9B3 /* Base */,
			);
			name = LaunchScreen.storyboard;
			sourceTree = "<group>";
		};
/* End PBXVariantGroup section */

/* Begin XCBuildConfiguration section */
		5A4A0B091EC2B84500C4F9B3 /* Debug */ = {
			isa = XCBuildConfiguration;
			buildSettings = {
				ALWAYS_SEARCH_USER_PATHS = NO;
				CLANG_ANALYZER_NONNULL = YES;
				CLANG_CXX_LANGUAGE_STANDARD = "gnu++0x";
				CLANG_CXX_LIBRARY = "libc++";
				CLANG_ENABLE_MODULES = YES;
				CLANG_ENABLE_OBJC_ARC = YES;
				CLANG_WARN_BOOL_CONVERSION = YES;
				CLANG_WARN_CONSTANT_CONVERSION = YES;
				CLANG_WARN_DIRECT_OBJC_ISA_USAGE = YES_ERROR;
				CLANG_WARN_DOCUMENTATION_COMMENTS = YES;
				CLANG_WARN_EMPTY_BODY = YES;
				CLANG_WARN_ENUM_CONVERSION = YES;
				CLANG_WARN_INFINITE_RECURSION = YES;
				CLANG_WARN_INT_CONVERSION = YES;
				CLANG_WARN_OBJC_ROOT_CLASS = YES_ERROR;
				CLANG_WARN_SUSPICIOUS_MOVES = YES;
				CLANG_WARN_UNREACHABLE_CODE = YES;
				CLANG_WARN__DUPLICATE_METHOD_MATCH = YES;
				"CODE_SIGN_IDENTITY[sdk=iphoneos*]" = "iPhone Developer";
				COPY_PHASE_STRIP = NO;
				DEBUG_INFORMATION_FORMAT = dwarf;
				ENABLE_STRICT_OBJC_MSGSEND = YES;
				ENABLE_TESTABILITY = YES;
				GCC_C_LANGUAGE_STANDARD = gnu99;
				GCC_DYNAMIC_NO_PIC = NO;
				GCC_NO_COMMON_BLOCKS = YES;
				GCC_OPTIMIZATION_LEVEL = 0;
				GCC_PREPROCESSOR_DEFINITIONS = (
					"DEBUG=1",
					"$(inherited)",
				);
				GCC_WARN_64_TO_32_BIT_CONVERSION = YES;
				GCC_WARN_ABOUT_RETURN_TYPE = YES_ERROR;
				GCC_WARN_UNDECLARED_SELECTOR = YES;
				GCC_WARN_UNINITIALIZED_AUTOS = YES_AGGRESSIVE;
				GCC_WARN_UNUSED_FUNCTION = YES;
				GCC_WARN_UNUSED_VARIABLE = YES;
				IPHONEOS_DEPLOYMENT_TARGET = 10.1;
				MTL_ENABLE_DEBUG_INFO = YES;
				ONLY_ACTIVE_ARCH = YES;
				SDKROOT = iphoneos;
				TARGETED_DEVICE_FAMILY = "1,2";
			};
			name = Debug;
		};
		5A4A0B0A1EC2B84500C4F9B3 /* Release */ = {
			isa = XCBuildConfiguration;
			buildSettings = {
				ALWAYS_SEARCH_USER_PATHS = NO;
				CLANG_ANALYZER_NONNULL = YES;
				CLANG_CXX_LANGUAGE_STANDARD = "gnu++0x";
				CLANG_CXX_LIBRARY = "libc++";
				CLANG_ENABLE_MODULES = YES;
				CLANG_ENABLE_OBJC_ARC = YES;
				CLANG_WARN_BOOL_CONVERSION = YES;
				CLANG_WARN_CONSTANT_CONVERSION = YES;
				CLANG_WARN_DIRECT_OBJC_ISA_USAGE = YES_ERROR;
				CLANG_WARN_DOCUMENTATION_COMMENTS = YES;
				CLANG_WARN_EMPTY_BODY = YES;
				CLANG_WARN_ENUM_CONVERSION = YES;
				CLANG_WARN_INFINITE_RECURSION = YES;
				CLANG_WARN_INT_CONVERSION = YES;
				CLANG_WARN_OBJC_ROOT_CLASS = YES_ERROR;
				CLANG_WARN_SUSPICIOUS_MOVES = YES;
				CLANG_WARN_UNREACHABLE_CODE = YES;
				CLANG_WARN__DUPLICATE_METHOD_MATCH = YES;
				"CODE_SIGN_IDENTITY[sdk=iphoneos*]" = "iPhone Developer";
				COPY_PHASE_STRIP = NO;
				DEBUG_INFORMATION_FORMAT = "dwarf-with-dsym";
				ENABLE_NS_ASSERTIONS = NO;
				ENABLE_STRICT_OBJC_MSGSEND = YES;
				GCC_C_LANGUAGE_STANDARD = gnu99;
				GCC_NO_COMMON_BLOCKS = YES;
				GCC_WARN_64_TO_32_BIT_CONVERSION = YES;
				GCC_WARN_ABOUT_RETURN_TYPE = YES_ERROR;
				GCC_WARN_UNDECLARED_SELECTOR = YES;
				GCC_WARN_UNINITIALIZED_AUTOS = YES_AGGRESSIVE;
				GCC_WARN_UNUSED_FUNCTION = YES;
				GCC_WARN_UNUSED_VARIABLE = YES;
				IPHONEOS_DEPLOYMENT_TARGET = 10.1;
				MTL_ENABLE_DEBUG_INFO = NO;
				SDKROOT = iphoneos;
				TARGETED_DEVICE_FAMILY = "1,2";
				VALIDATE_PRODUCT = YES;
			};
			name = Release;
		};
		5A4A0B0C1EC2B84500C4F9B3 /* Debug */ = {
			isa = XCBuildConfiguration;
			buildSettings = {
				ASSETCATALOG_COMPILER_APPICON_NAME = AppIcon;
				DEVELOPMENT_TEAM = XSL78285HV;
				INFOPLIST_FILE = DrawerController/Info.plist;
				LD_RUNPATH_SEARCH_PATHS = "$(inherited) @executable_path/Frameworks";
				PRODUCT_BUNDLE_IDENTIFIER = wurui.secoo.DrawerController;
				PRODUCT_NAME = "$(TARGET_NAME)";
			};
			name = Debug;
		};
		5A4A0B0D1EC2B84500C4F9B3 /* Release */ = {
			isa = XCBuildConfiguration;
			buildSettings = {
				ASSETCATALOG_COMPILER_APPICON_NAME = AppIcon;
				DEVELOPMENT_TEAM = XSL78285HV;
				INFOPLIST_FILE = DrawerController/Info.plist;
				LD_RUNPATH_SEARCH_PATHS = "$(inherited) @executable_path/Frameworks";
				PRODUCT_BUNDLE_IDENTIFIER = wurui.secoo.DrawerController;
				PRODUCT_NAME = "$(TARGET_NAME)";
			};
			name = Release;
		};
		5A4A0B0F1EC2B84500C4F9B3 /* Debug */ = {
			isa = XCBuildConfiguration;
			buildSettings = {
				BUNDLE_LOADER = "$(TEST_HOST)";
				DEVELOPMENT_TEAM = XSL78285HV;
				INFOPLIST_FILE = DrawerControllerTests/Info.plist;
				LD_RUNPATH_SEARCH_PATHS = "$(inherited) @executable_path/Frameworks @loader_path/Frameworks";
				PRODUCT_BUNDLE_IDENTIFIER = wurui.secoo.DrawerControllerTests;
				PRODUCT_NAME = "$(TARGET_NAME)";
				TEST_HOST = "$(BUILT_PRODUCTS_DIR)/DrawerController.app/DrawerController";
			};
			name = Debug;
		};
		5A4A0B101EC2B84500C4F9B3 /* Release */ = {
			isa = XCBuildConfiguration;
			buildSettings = {
				BUNDLE_LOADER = "$(TEST_HOST)";
				DEVELOPMENT_TEAM = XSL78285HV;
				INFOPLIST_FILE = DrawerControllerTests/Info.plist;
				LD_RUNPATH_SEARCH_PATHS = "$(inherited) @executable_path/Frameworks @loader_path/Frameworks";
				PRODUCT_BUNDLE_IDENTIFIER = wurui.secoo.DrawerControllerTests;
				PRODUCT_NAME = "$(TARGET_NAME)";
				TEST_HOST = "$(BUILT_PRODUCTS_DIR)/DrawerController.app/DrawerController";
			};
			name = Release;
		};
		5A4A0B121EC2B84500C4F9B3 /* Debug */ = {
			isa = XCBuildConfiguration;
			buildSettings = {
				DEVELOPMENT_TEAM = XSL78285HV;
				INFOPLIST_FILE = DrawerControllerUITests/Info.plist;
				LD_RUNPATH_SEARCH_PATHS = "$(inherited) @executable_path/Frameworks @loader_path/Frameworks";
				PRODUCT_BUNDLE_IDENTIFIER = wurui.secoo.DrawerControllerUITests;
				PRODUCT_NAME = "$(TARGET_NAME)";
				TEST_TARGET_NAME = DrawerController;
			};
			name = Debug;
		};
		5A4A0B131EC2B84500C4F9B3 /* Release */ = {
			isa = XCBuildConfiguration;
			buildSettings = {
				DEVELOPMENT_TEAM = XSL78285HV;
				INFOPLIST_FILE = DrawerControllerUITests/Info.plist;
				LD_RUNPATH_SEARCH_PATHS = "$(inherited) @executable_path/Frameworks @loader_path/Frameworks";
				PRODUCT_BUNDLE_IDENTIFIER = wurui.secoo.DrawerControllerUITests;
				PRODUCT_NAME = "$(TARGET_NAME)";
				TEST_TARGET_NAME = DrawerController;
			};
			name = Release;
		};
/* End XCBuildConfiguration section */

/* Begin XCConfigurationList section */
		5A4A0AD91EC2B84500C4F9B3 /* Build configuration list for PBXProject "DrawerController" */ = {
			isa = XCConfigurationList;
			buildConfigurations = (
				5A4A0B091EC2B84500C4F9B3 /* Debug */,
				5A4A0B0A1EC2B84500C4F9B3 /* Release */,
			);
			defaultConfigurationIsVisible = 0;
			defaultConfigurationName = Release;
		};
		5A4A0B0B1EC2B84500C4F9B3 /* Build configuration list for PBXNativeTarget "DrawerController" */ = {
			isa = XCConfigurationList;
			buildConfigurations = (
				5A4A0B0C1EC2B84500C4F9B3 /* Debug */,
				5A4A0B0D1EC2B84500C4F9B3 /* Release */,
			);
			defaultConfigurationIsVisible = 0;
			defaultConfigurationName = Release;
		};
		5A4A0B0E1EC2B84500C4F9B3 /* Build configuration list for PBXNativeTarget "DrawerControllerTests" */ = {
			isa = XCConfigurationList;
			buildConfigurations = (
				5A4A0B0F1EC2B84500C4F9B3 /* Debug */,
				5A4A0B101EC2B84500C4F9B3 /* Release */,
			);
			defaultConfigurationIsVisible = 0;
			defaultConfigurationName = Release;
		};
		5A4A0B111EC2B84500C4F9B3 /* Build configuration list for PBXNativeTarget "DrawerControllerUITests" */ = {
			isa = XCConfigurationList;
			buildConfigurations = (
				5A4A0B121EC2B84500C4F9B3 /* Debug */,
				5A4A0B131EC2B84500C4F9B3 /* Release */,
			);
			defaultConfigurationIsVisible = 0;
			defaultConfigurationName = Release;
		};
/* End XCConfigurationList section */
	};
	rootObject = 5A4A0AD61EC2B84500C4F9B3 /* Project object */;
}
